
Microsoft Visual Studio Solution File, Format Version 12.00
# Visual Studio Version 17
VisualStudioVersion = 17.3.32922.545
MinimumVisualStudioVersion = 10.0.40219.1
Project("{FAE04EC0-301F-11D3-BF4B-00C04F79EFBC}") = "InteractiveBook", "InteractiveBook\InteractiveBook.csproj", "{C889E7F4-6931-4B06-929D-256DA4E331FC}"
EndProject
Global
	GlobalSection(SolutionConfigurationPlatforms) = preSolution
		Debug|Any CPU = Debug|Any CPU
		Release|Any CPU = Release|Any CPU
	EndGlobalSection
	GlobalSection(ProjectConfigurationPlatforms) = postSolution
		{C889E7F4-6931-4B06-929D-256DA4E331FC}.Debug|Any CPU.ActiveCfg = Debug|Any CPU
		{C889E7F4-6931-4B06-929D-256DA4E331FC}.Debug|Any CPU.Build.0 = Debug|Any CPU
		{C889E7F4-6931-4B06-929D-256DA4E331FC}.Release|Any CPU.ActiveCfg = Release|Any CPU
		{C889E7F4-6931-4B06-929D-256DA4E331FC}.Release|Any CPU.Build.0 = Release|Any CPU
	EndGlobalSection
	GlobalSection(SolutionProperties) = preSolution
		HideSolutionNode = FALSE
	EndGlobalSection
	GlobalSection(ExtensibilityGlobals) = postSolution
		SolutionGuid = {13DDEF1A-3C08-4362-B24C-4B2BD72CC4A3}
	EndGlobalSection
EndGlobal
